
Microsoft Visual Studio Solution File, Format Version 12.00
Project("{FAE04EC0-301F-11D3-BF4B-00C04F79EFBC}") = "Cleanup.RazorUsing.Lib", "Cleanup.RazorUsing.Lib\Cleanup.RazorUsing.Lib.csproj", "{159E3388-4A99-4135-9971-0B211345AEB2}"
EndProject
Project("{FAE04EC0-301F-11D3-BF4B-00C04F79EFBC}") = "Cleanup.App", "Cleanup.App\Cleanup.App.csproj", "{C225733B-C30D-43B7-A905-506E63ED7FEB}"
EndProject
Global
	GlobalSection(SolutionConfigurationPlatforms) = preSolution
		Debug|Any CPU = Debug|Any CPU
		Release|Any CPU = Release|Any CPU
	EndGlobalSection
	GlobalSection(ProjectConfigurationPlatforms) = postSolution
		{159E3388-4A99-4135-9971-0B211345AEB2}.Debug|Any CPU.ActiveCfg = Debug|Any CPU
		{159E3388-4A99-4135-9971-0B211345AEB2}.Debug|Any CPU.Build.0 = Debug|Any CPU
		{159E3388-4A99-4135-9971-0B211345AEB2}.Release|Any CPU.ActiveCfg = Release|Any CPU
		{159E3388-4A99-4135-9971-0B211345AEB2}.Release|Any CPU.Build.0 = Release|Any CPU
		{C225733B-C30D-43B7-A905-506E63ED7FEB}.Debug|Any CPU.ActiveCfg = Debug|Any CPU
		{C225733B-C30D-43B7-A905-506E63ED7FEB}.Debug|Any CPU.Build.0 = Debug|Any CPU
		{C225733B-C30D-43B7-A905-506E63ED7FEB}.Release|Any CPU.ActiveCfg = Release|Any CPU
		{C225733B-C30D-43B7-A905-506E63ED7FEB}.Release|Any CPU.Build.0 = Release|Any CPU
	EndGlobalSection
EndGlobal
